<?xml version="1.0" encoding="utf-8"?>
<Project xmlns="http://schemas.microsoft.com/developer/msbuild/2003">
  <PropertyGroup>
    <ProjectGuid>{2ee6cee8-1017-40ef-a3a5-2cc15f0ff071}</ProjectGuid>
    <MainSource>BaselineDLI.dpr</MainSource>
    <Configuration Condition=" '$(Configuration)' == '' ">Debug</Configuration>
    <Platform Condition=" '$(Platform)' == '' ">AnyCPU</Platform>
    <DCC_DCCCompiler>DCC32</DCC_DCCCompiler>
    <DCC_DependencyCheckOutputName>C:\Program Files (x86)\Calibration\Baseline\BaselineDLI.exe</DCC_DependencyCheckOutputName>
  </PropertyGroup>
  <PropertyGroup Condition=" '$(Configuration)|$(Platform)' == 'Release|AnyCPU' ">
    <Version>7.0</Version>
    <DCC_DebugInformation>False</DCC_DebugInformation>
    <DCC_WriteableConstants>True</DCC_WriteableConstants>
    <DCC_LocalDebugSymbols>False</DCC_LocalDebugSymbols>
    <DCC_IntegerOverflowCheck>True</DCC_IntegerOverflowCheck>
    <DCC_RangeChecking>True</DCC_RangeChecking>
    <DCC_SymbolReferenceInfo>0</DCC_SymbolReferenceInfo>
    <DCC_UnitAlias>WinTypes=Windows;WinProcs=Windows;DbiTypes=BDE;DbiProcs=BDE;DbiErrs=BDE</DCC_UnitAlias>
    <DCC_DebugInfoInExe>True</DCC_DebugInfoInExe>
    <DCC_DebugVN>True</DCC_DebugVN>
    <DCC_UnitSearchPath>$(DELPHI)\Lib\Debug;X:\Ajilon\GesmarComponents;X:\Ajilon\Gesmar\Common;X:\SmartPlan\D2007\SourceLibrary\rxLib\Units</DCC_UnitSearchPath>
    <DCC_ResourcePath>$(DELPHI)\Lib\Debug;X:\Ajilon\GesmarComponents;X:\Ajilon\Gesmar\Common;X:\SmartPlan\D2007\SourceLibrary\rxLib\Units</DCC_ResourcePath>
    <DCC_ObjPath>$(DELPHI)\Lib\Debug;X:\Ajilon\GesmarComponents;X:\Ajilon\Gesmar\Common;X:\SmartPlan\D2007\SourceLibrary\rxLib\Units</DCC_ObjPath>
    <DCC_IncludePath>$(DELPHI)\Lib\Debug;X:\Ajilon\GesmarComponents;X:\Ajilon\Gesmar\Common;X:\SmartPlan\D2007\SourceLibrary\rxLib\Units</DCC_IncludePath>
    <DCC_Define>HIDE_TC_CLIENT_ERROR;RELEASE</DCC_Define>
    <DCC_SYMBOL_DEPRECATED>False</DCC_SYMBOL_DEPRECATED>
    <DCC_SYMBOL_PLATFORM>False</DCC_SYMBOL_PLATFORM>
    <DCC_UNIT_PLATFORM>False</DCC_UNIT_PLATFORM>
    <DCC_Description>BaselineDLI.exe</DCC_Description>
    <DCC_ExeOutput>C:\Program Files (x86)\Calibration\Baseline</DCC_ExeOutput>
  </PropertyGroup>
  <PropertyGroup Condition=" '$(Configuration)|$(Platform)' == 'Debug|AnyCPU' ">
    <Version>7.0</Version>
    <DCC_WriteableConstants>True</DCC_WriteableConstants>
    <DCC_IntegerOverflowCheck>True</DCC_IntegerOverflowCheck>
    <DCC_RangeChecking>True</DCC_RangeChecking>
    <DCC_UnitAlias>WinTypes=Windows;WinProcs=Windows;DbiTypes=BDE;DbiProcs=BDE;DbiErrs=BDE</DCC_UnitAlias>
    <DCC_DebugInfoInExe>True</DCC_DebugInfoInExe>
    <DCC_DebugVN>True</DCC_DebugVN>
    <DCC_UnitSearchPath>$(DELPHI)\Lib\Debug;X:\Ajilon\GesmarComponents;X:\Ajilon\Gesmar\Common;X:\SmartPlan\D2007\SourceLibrary\rxLib\Units;X:\Sys\FWK</DCC_UnitSearchPath>
    <DCC_ResourcePath>$(DELPHI)\Lib\Debug;X:\Ajilon\GesmarComponents;X:\Ajilon\Gesmar\Common;X:\SmartPlan\D2007\SourceLibrary\rxLib\Units;X:\Sys\FWK</DCC_ResourcePath>
    <DCC_ObjPath>$(DELPHI)\Lib\Debug;X:\Ajilon\GesmarComponents;X:\Ajilon\Gesmar\Common;X:\SmartPlan\D2007\SourceLibrary\rxLib\Units;X:\Sys\FWK</DCC_ObjPath>
    <DCC_IncludePath>$(DELPHI)\Lib\Debug;X:\Ajilon\GesmarComponents;X:\Ajilon\Gesmar\Common;X:\SmartPlan\D2007\SourceLibrary\rxLib\Units;X:\Sys\FWK</DCC_IncludePath>
    <DCC_Define>HIDE_TC_CLIENT_ERROR;DEBUG;TC4</DCC_Define>
    <DCC_SYMBOL_DEPRECATED>False</DCC_SYMBOL_DEPRECATED>
    <DCC_SYMBOL_PLATFORM>False</DCC_SYMBOL_PLATFORM>
    <DCC_UNIT_PLATFORM>False</DCC_UNIT_PLATFORM>
    <DCC_Description>BaselineDLI.exe</DCC_Description>
    <DCC_ExeOutput>C:\Program Files (x86)\Calibration\Baseline</DCC_ExeOutput>
  </PropertyGroup>
  <ProjectExtensions>
    <Borland.Personality>Delphi.Personality</Borland.Personality>
    <Borland.ProjectType>VCLApplication</Borland.ProjectType>
    <BorlandProject>
<BorlandProject><Delphi.Personality><Parameters><Parameters Name="UseLauncher">False</Parameters><Parameters Name="LoadAllSymbols">True</Parameters><Parameters Name="LoadUnspecifiedSymbols">False</Parameters></Parameters><Language><Language Name="RootDir">C:\Program Files\Borland\Delphi7\Bin\</Language></Language><VersionInfo><VersionInfo Name="IncludeVerInfo">True</VersionInfo><VersionInfo Name="AutoIncBuild">True</VersionInfo><VersionInfo Name="MajorVer">6</VersionInfo><VersionInfo Name="MinorVer">1</VersionInfo><VersionInfo Name="Release">0</VersionInfo><VersionInfo Name="Build">6</VersionInfo><VersionInfo Name="Debug">False</VersionInfo><VersionInfo Name="PreRelease">False</VersionInfo><VersionInfo Name="Special">False</VersionInfo><VersionInfo Name="Private">False</VersionInfo><VersionInfo Name="DLL">False</VersionInfo><VersionInfo Name="Locale">3081</VersionInfo><VersionInfo Name="CodePage">1252</VersionInfo></VersionInfo><VersionInfoKeys><VersionInfoKeys Name="CompanyName">Landgate</VersionInfoKeys><VersionInfoKeys Name="FileDescription">EDM Calibration</VersionInfoKeys><VersionInfoKeys Name="FileVersion">6.1.0.6</VersionInfoKeys><VersionInfoKeys Name="InternalName">Baseline</VersionInfoKeys><VersionInfoKeys Name="LegalCopyright"></VersionInfoKeys><VersionInfoKeys Name="LegalTrademarks"></VersionInfoKeys><VersionInfoKeys Name="OriginalFilename">Baseline</VersionInfoKeys><VersionInfoKeys Name="ProductName">Baseline</VersionInfoKeys><VersionInfoKeys Name="ProductVersion">6.1.0.0</VersionInfoKeys><VersionInfoKeys Name="Comments"></VersionInfoKeys></VersionInfoKeys><Source><Source Name="MainSource">BaselineDLI.dpr</Source></Source><Excluded_Packages>
      
      
      
      
      
      
      
      
      
      
      
      <Excluded_Packages Name="$(BDS)\bin\dcloffice2k100.bpl">Microsoft Office 2000 Sample Automation Server Wrapper Components</Excluded_Packages>
    </Excluded_Packages></Delphi.Personality><ModelSupport>False</ModelSupport></BorlandProject></BorlandProject>
  </ProjectExtensions>
  <Import Project="$(MSBuildBinPath)\Borland.Delphi.Targets" />
  <ItemGroup>
    <DelphiCompile Include="BaselineDLI.dpr">
      <MainSource>MainSource</MainSource>
    </DelphiCompile>
    <DCCReference Include="Bse2Inst.pas">
      <Form>frmInstrument</Form>
    </DCCReference>
    <DCCReference Include="Bse2Job.pas">
      <Form>frmJob</Form>
    </DCCReference>
    <DCCReference Include="Bseabout.pas">
      <Form>frmAbout</Form>
    </DCCReference>
    <DCCReference Include="BSEBase2.pas">
      <Form>frmBaseline</Form>
    </DCCReference>
    <DCCReference Include="BseBaselineCertificate.pas">
      <Form>frmBaselineCertificate</Form>
    </DCCReference>
    <DCCReference Include="BseBaselineCertificate2.pas">
      <Form>frmBaselineCertificate2</Form>
    </DCCReference>
    <DCCReference Include="Bsecalib.pas" />
    <DCCReference Include="BseDefault.pas">
      <Form>frmDefaults</Form>
    </DCCReference>
    <DCCReference Include="BseDistribute.pas">
      <Form>frmDistribute</Form>
    </DCCReference>
    <DCCReference Include="BseDM.pas">
      <Form>dmBase</Form>
      <DesignClass>TDataModule</DesignClass>
    </DCCReference>
    <DCCReference Include="BSEdmMain.pas">
      <Form>dmMain</Form>
      <DesignClass>TDataModule</DesignClass>
    </DCCReference>
    <DCCReference Include="BseLUMUnits.pas">
      <Form>frmLUMUnits</Form>
    </DCCReference>
    <DCCReference Include="BSEMAIN.PAS">
      <Form>frmMain</Form>
    </DCCReference>
    <DCCReference Include="BSEMISC.PAS" />
    <DCCReference Include="BSEProgress.pas">
      <Form>frmProgress</Form>
    </DCCReference>
    <DCCReference Include="BseReport1A.pas">
      <Form>frmReport1A</Form>
    </DCCReference>
    <DCCReference Include="BseReportSummary.pas">
      <Form>frmReportSummary</Form>
    </DCCReference>
    <DCCReference Include="Disclaimer.pas">
      <Form>frmDisclaimer</Form>
    </DCCReference>
    <DCCReference Include="fmLUMUnits.pas">
      <Form>FrameLUMUnits</Form>
      <DesignClass>TFrame</DesignClass>
    </DCCReference>
    <DCCReference Include="fmLUMUnitsNonDB.pas">
      <Form>FrameLUMUnitsNonDB</Form>
      <DesignClass>TFrame</DesignClass>
    </DCCReference>
    <DCCReference Include="fmNewLUMUnits.pas">
      <Form>FrameNewLumUnits</Form>
      <DesignClass>TFrame</DesignClass>
    </DCCReference>
    <DCCReference Include="fmNewLUMUnitsNonDB.pas">
      <Form>FrameNewLumUnitsNonDB</Form>
      <DesignClass>TFrame</DesignClass>
    </DCCReference>
    <DCCReference Include="fmOldLUMUnits.pas">
      <Form>FrameOldLUMUnits</Form>
      <DesignClass>TFrame</DesignClass>
    </DCCReference>
    <DCCReference Include="fmOldLUMUnitsNonDB.pas">
      <Form>FrameOldLUMUnitsNonDB</Form>
      <DesignClass>TFrame</DesignClass>
    </DCCReference>
  </ItemGroup>
</Project>